
Microsoft Visual Studio Solution File, Format Version 12.00
# Visual Studio Version 17
VisualStudioVersion = 17.10.34804.81
MinimumVisualStudioVersion = 10.0.40219.1
Project("{FAE04EC0-301F-11D3-BF4B-00C04F79EFBC}") = "GoodDeadsDestination", "GoodDeadsDestination\GoodDeadsDestination.csproj", "{511A75AD-1C5D-42C7-A531-7C9F549A32B6}"
EndProject
Global
	GlobalSection(SolutionConfigurationPlatforms) = preSolution
		Debug|Any CPU = Debug|Any CPU
		Release|Any CPU = Release|Any CPU
	EndGlobalSection
	GlobalSection(ProjectConfigurationPlatforms) = postSolution
		{511A75AD-1C5D-42C7-A531-7C9F549A32B6}.Debug|Any CPU.ActiveCfg = Debug|Any CPU
		{511A75AD-1C5D-42C7-A531-7C9F549A32B6}.Debug|Any CPU.Build.0 = Debug|Any CPU
		{511A75AD-1C5D-42C7-A531-7C9F549A32B6}.Release|Any CPU.ActiveCfg = Release|Any CPU
		{511A75AD-1C5D-42C7-A531-7C9F549A32B6}.Release|Any CPU.Build.0 = Release|Any CPU
	EndGlobalSection
	GlobalSection(SolutionProperties) = preSolution
		HideSolutionNode = FALSE
	EndGlobalSection
	GlobalSection(ExtensibilityGlobals) = postSolution
		SolutionGuid = {7EE781B9-BA2F-4556-AA63-7DB86EFC1192}
	EndGlobalSection
EndGlobal
