
Microsoft Visual Studio Solution File, Format Version 12.00
# Visual Studio Version 17
VisualStudioVersion = 17.10.34814.14
MinimumVisualStudioVersion = 10.0.40219.1
Project("{FAE04EC0-301F-11D3-BF4B-00C04F79EFBC}") = "GoodDeedsDestinationsAPI", "GoodDeedsDestinationsAPI\GoodDeedsDestinationsAPI.csproj", "{8C11580F-F996-4DC4-8F76-13F82E718E30}"
EndProject
Global
	GlobalSection(SolutionConfigurationPlatforms) = preSolution
		Debug|Any CPU = Debug|Any CPU
		Release|Any CPU = Release|Any CPU
	EndGlobalSection
	GlobalSection(ProjectConfigurationPlatforms) = postSolution
		{8C11580F-F996-4DC4-8F76-13F82E718E30}.Debug|Any CPU.ActiveCfg = Debug|Any CPU
		{8C11580F-F996-4DC4-8F76-13F82E718E30}.Debug|Any CPU.Build.0 = Debug|Any CPU
		{8C11580F-F996-4DC4-8F76-13F82E718E30}.Release|Any CPU.ActiveCfg = Release|Any CPU
		{8C11580F-F996-4DC4-8F76-13F82E718E30}.Release|Any CPU.Build.0 = Release|Any CPU
	EndGlobalSection
	GlobalSection(SolutionProperties) = preSolution
		HideSolutionNode = FALSE
	EndGlobalSection
	GlobalSection(ExtensibilityGlobals) = postSolution
		SolutionGuid = {B4909CEC-36B5-4469-BA83-0F499524EF15}
	EndGlobalSection
EndGlobal
